PODS:
  - Alamofire (5.0.0-rc.1)
  - Nimble (8.0.2)
  - Quick (2.1.0)
  - SwiftLint (0.35.0)
  - SwiftyJSON (4.3.0)

DEPENDENCIES:
  - Alamofire (~> 5.0.0-beta.5)
  - Nimble
  - Quick
  - SwiftLint
  - SwiftyJSON (~> 4.0)

SPEC REPOS:
  https://github.com/cocoapods/specs.git:
    - Alamofire
    - Nimble
    - Quick
    - SwiftLint
    - SwiftyJSON

SPEC CHECKSUMS:
  Alamofire: b752289c6040d77e9738610c9080276f18276842
  Nimble: 622629381bda1dd5678162f21f1368cec7cbba60
  Quick: 4be43f6634acfa727dd106bdf3929ce125ffa79d
  SwiftLint: 5553187048b900c91aa03552807681bb6b027846
  SwiftyJSON: 6faa0040f8b59dead0ee07436cbf76b73c08fd08

PODFILE CHECKSUM: a869c25dd971132e20e2bcdfb603f25ad69ef527

COCOAPODS: 1.6.1
